
Microsoft Visual Studio Solution File, Format Version 12.00
Project("{FAE04EC0-301F-11D3-BF4B-00C04F79EFBC}") = "Program", "Program\Program.csproj", "{608EF66F-D374-4017-81B3-9B136E3B1D26}"
EndProject
Project("{FAE04EC0-301F-11D3-BF4B-00C04F79EFBC}") = "Messages", "Messages\Messages.csproj", "{25C57234-94B9-4AC2-9AA6-9265F55099BC}"
EndProject
Project("{FAE04EC0-301F-11D3-BF4B-00C04F79EFBC}") = "SCM.Framework.Serialization", "Serialization\SCM.Framework.Serialization\SCM.Framework.Serialization.csproj", "{4F97C50E-99ED-41A1-AB08-A7FE807980F4}"
EndProject
Project("{FAE04EC0-301F-11D3-BF4B-00C04F79EFBC}") = "SCM.Framework.Communications.Common", "Communication\Common\SCM.Framework.Communications.Common.csproj", "{BE178445-6E57-41ED-96A6-6D99B74A1161}"
EndProject
Project("{FAE04EC0-301F-11D3-BF4B-00C04F79EFBC}") = "SCM.Framework.Communications.NATS", "Communication\NATS\SCM.Framework.Communications.NATS.csproj", "{A5879BE1-2ECF-4B53-A1CA-D7DA024D6772}"
EndProject
Global
	GlobalSection(SolutionConfigurationPlatforms) = preSolution
		Debug|Any CPU = Debug|Any CPU
		Release|Any CPU = Release|Any CPU
	EndGlobalSection
	GlobalSection(ProjectConfigurationPlatforms) = postSolution
		{608EF66F-D374-4017-81B3-9B136E3B1D26}.Debug|Any CPU.ActiveCfg = Debug|Any CPU
		{608EF66F-D374-4017-81B3-9B136E3B1D26}.Debug|Any CPU.Build.0 = Debug|Any CPU
		{608EF66F-D374-4017-81B3-9B136E3B1D26}.Release|Any CPU.ActiveCfg = Release|Any CPU
		{608EF66F-D374-4017-81B3-9B136E3B1D26}.Release|Any CPU.Build.0 = Release|Any CPU
		{25C57234-94B9-4AC2-9AA6-9265F55099BC}.Debug|Any CPU.ActiveCfg = Debug|Any CPU
		{25C57234-94B9-4AC2-9AA6-9265F55099BC}.Debug|Any CPU.Build.0 = Debug|Any CPU
		{25C57234-94B9-4AC2-9AA6-9265F55099BC}.Release|Any CPU.ActiveCfg = Release|Any CPU
		{25C57234-94B9-4AC2-9AA6-9265F55099BC}.Release|Any CPU.Build.0 = Release|Any CPU
		{4F97C50E-99ED-41A1-AB08-A7FE807980F4}.Debug|Any CPU.ActiveCfg = Debug|Any CPU
		{4F97C50E-99ED-41A1-AB08-A7FE807980F4}.Debug|Any CPU.Build.0 = Debug|Any CPU
		{4F97C50E-99ED-41A1-AB08-A7FE807980F4}.Release|Any CPU.ActiveCfg = Release|Any CPU
		{4F97C50E-99ED-41A1-AB08-A7FE807980F4}.Release|Any CPU.Build.0 = Release|Any CPU
		{BE178445-6E57-41ED-96A6-6D99B74A1161}.Debug|Any CPU.ActiveCfg = Debug|Any CPU
		{BE178445-6E57-41ED-96A6-6D99B74A1161}.Debug|Any CPU.Build.0 = Debug|Any CPU
		{BE178445-6E57-41ED-96A6-6D99B74A1161}.Release|Any CPU.ActiveCfg = Release|Any CPU
		{BE178445-6E57-41ED-96A6-6D99B74A1161}.Release|Any CPU.Build.0 = Release|Any CPU
		{A5879BE1-2ECF-4B53-A1CA-D7DA024D6772}.Debug|Any CPU.ActiveCfg = Debug|Any CPU
		{A5879BE1-2ECF-4B53-A1CA-D7DA024D6772}.Debug|Any CPU.Build.0 = Debug|Any CPU
		{A5879BE1-2ECF-4B53-A1CA-D7DA024D6772}.Release|Any CPU.ActiveCfg = Release|Any CPU
		{A5879BE1-2ECF-4B53-A1CA-D7DA024D6772}.Release|Any CPU.Build.0 = Release|Any CPU
	EndGlobalSection
	GlobalSection(NestedProjects) = preSolution
	EndGlobalSection
EndGlobal
